{
  "name": "pson5",
  "version": "0.1.0",
  "lockfileVersion": 3,
  "requires": true,
  "packages": {
    "": {
      "name": "pson5",
      "version": "0.1.0",
      "workspaces": [
        "apps/*",
        "packages/*"
      ],
      "devDependencies": {
        "@types/node": "^24.0.0",
        "typescript": "^5.8.0"
      },
      "engines": {
        "node": ">=20"
      }
    },
    "apps/api": {
      "name": "@pson5/api",
      "version": "0.1.0",
      "dependencies": {
        "@pson5/acquisition-engine": "0.1.0",
        "@pson5/agent-context": "0.1.0",
        "@pson5/core-types": "0.1.0",
        "@pson5/graph-engine": "0.1.0",
        "@pson5/provider-engine": "0.1.0",
        "@pson5/serialization-engine": "0.1.0",
        "@pson5/simulation-engine": "0.1.0",
        "@pson5/state-engine": "0.1.0"
      }
    },
    "apps/cli": {
      "name": "@pson5/cli",
      "version": "0.1.0",
      "dependencies": {
        "@pson5/acquisition-engine": "0.1.0",
        "@pson5/agent-context": "0.1.0",
        "@pson5/core-types": "0.1.0",
        "@pson5/graph-engine": "0.1.0",
        "@pson5/provider-engine": "0.1.0",
        "@pson5/serialization-engine": "0.1.0",
        "@pson5/simulation-engine": "0.1.0",
        "@pson5/state-engine": "0.1.0"
      },
      "bin": {
        "pson": "dist/apps/cli/src/index.js"
      }
    },
    "apps/web": {
      "name": "@pson5/web",
      "version": "0.1.0"
    },
    "node_modules/@pson5/acquisition-engine": {
      "resolved": "packages/acquisition-engine",
      "link": true
    },
    "node_modules/@pson5/agent-context": {
      "resolved": "packages/agent-context",
      "link": true
    },
    "node_modules/@pson5/api": {
      "resolved": "apps/api",
      "link": true
    },
    "node_modules/@pson5/cli": {
      "resolved": "apps/cli",
      "link": true
    },
    "node_modules/@pson5/core-types": {
      "resolved": "packages/core-types",
      "link": true
    },
    "node_modules/@pson5/graph-engine": {
      "resolved": "packages/graph-engine",
      "link": true
    },
    "node_modules/@pson5/modeling-engine": {
      "resolved": "packages/modeling-engine",
      "link": true
    },
    "node_modules/@pson5/postgres-store": {
      "resolved": "packages/postgres-store",
      "link": true
    },
    "node_modules/@pson5/privacy": {
      "resolved": "packages/privacy",
      "link": true
    },
    "node_modules/@pson5/provider-engine": {
      "resolved": "packages/provider-engine",
      "link": true
    },
    "node_modules/@pson5/schemas": {
      "resolved": "packages/schemas",
      "link": true
    },
    "node_modules/@pson5/sdk": {
      "resolved": "packages/sdk",
      "link": true
    },
    "node_modules/@pson5/serialization-engine": {
      "resolved": "packages/serialization-engine",
      "link": true
    },
    "node_modules/@pson5/simulation-engine": {
      "resolved": "packages/simulation-engine",
      "link": true
    },
    "node_modules/@pson5/state-engine": {
      "resolved": "packages/state-engine",
      "link": true
    },
    "node_modules/@pson5/web": {
      "resolved": "apps/web",
      "link": true
    },
    "node_modules/@types/node": {
      "version": "24.12.2",
      "resolved": "https://registry.npmjs.org/@types/node/-/node-24.12.2.tgz",
      "integrity": "sha512-A1sre26ke7HDIuY/M23nd9gfB+nrmhtYyMINbjI1zHJxYteKR6qSMX56FsmjMcDb3SMcjJg5BiRRgOCC/yBD0g==",
      "dev": true,
      "license": "MIT",
      "dependencies": {
        "undici-types": "~7.16.0"
      }
    },
    "node_modules/typescript": {
      "version": "5.9.3",
      "resolved": "https://registry.npmjs.org/typescript/-/typescript-5.9.3.tgz",
      "integrity": "sha512-jl1vZzPDinLr9eUt3J/t7V6FgNEw9QjvBPdysz9KfQDD41fQrC2Y4vKQdiaUpFT4bXlb1RHhLpp8wtm6M5TgSw==",
      "dev": true,
      "license": "Apache-2.0",
      "bin": {
        "tsc": "bin/tsc",
        "tsserver": "bin/tsserver"
      },
      "engines": {
        "node": ">=14.17"
      }
    },
    "node_modules/undici-types": {
      "version": "7.16.0",
      "resolved": "https://registry.npmjs.org/undici-types/-/undici-types-7.16.0.tgz",
      "integrity": "sha512-Zz+aZWSj8LE6zoxD+xrjh4VfkIG8Ya6LvYkZqtUQGJPZjYl53ypCaUwWqo7eI0x66KBGeRo+mlBEkMSeSZ38Nw==",
      "dev": true,
      "license": "MIT"
    },
    "packages/acquisition-engine": {
      "name": "@pson5/acquisition-engine",
      "version": "0.1.0",
      "dependencies": {
        "@pson5/core-types": "0.1.0",
        "@pson5/graph-engine": "0.1.0",
        "@pson5/modeling-engine": "0.1.0",
        "@pson5/serialization-engine": "0.1.0",
        "@pson5/state-engine": "0.1.0"
      }
    },
    "packages/agent-context": {
      "name": "@pson5/agent-context",
      "version": "0.1.0",
      "dependencies": {
        "@pson5/core-types": "0.1.0",
        "@pson5/serialization-engine": "0.1.0",
        "@pson5/state-engine": "0.1.0"
      }
    },
    "packages/core-types": {
      "name": "@pson5/core-types",
      "version": "0.1.0"
    },
    "packages/graph-engine": {
      "name": "@pson5/graph-engine",
      "version": "0.1.0",
      "dependencies": {
        "@pson5/core-types": "0.1.0"
      }
    },
    "packages/modeling-engine": {
      "name": "@pson5/modeling-engine",
      "version": "0.1.0",
      "dependencies": {
        "@pson5/core-types": "0.1.0",
        "@pson5/provider-engine": "0.1.0"
      }
    },
    "packages/postgres-store": {
      "name": "@pson5/postgres-store",
      "version": "0.1.0",
      "dependencies": {
        "@pson5/core-types": "0.1.0",
        "@pson5/serialization-engine": "0.1.0"
      }
    },
    "packages/privacy": {
      "name": "@pson5/privacy",
      "version": "0.1.0",
      "dependencies": {
        "@pson5/core-types": "0.1.0"
      }
    },
    "packages/provider-engine": {
      "name": "@pson5/provider-engine",
      "version": "0.1.0",
      "dependencies": {
        "@pson5/core-types": "0.1.0",
        "@pson5/privacy": "0.1.0",
        "@pson5/serialization-engine": "0.1.0"
      }
    },
    "packages/schemas": {
      "name": "@pson5/schemas",
      "version": "0.1.0",
      "dependencies": {
        "@pson5/core-types": "0.1.0"
      }
    },
    "packages/sdk": {
      "name": "@pson5/sdk",
      "version": "0.1.0",
      "dependencies": {
        "@pson5/acquisition-engine": "0.1.0",
        "@pson5/agent-context": "0.1.0",
        "@pson5/core-types": "0.1.0",
        "@pson5/graph-engine": "0.1.0",
        "@pson5/provider-engine": "0.1.0",
        "@pson5/serialization-engine": "0.1.0",
        "@pson5/simulation-engine": "0.1.0",
        "@pson5/state-engine": "0.1.0"
      }
    },
    "packages/serialization-engine": {
      "name": "@pson5/serialization-engine",
      "version": "0.1.0",
      "dependencies": {
        "@pson5/core-types": "0.1.0",
        "@pson5/privacy": "0.1.0",
        "@pson5/schemas": "0.1.0"
      }
    },
    "packages/simulation-engine": {
      "name": "@pson5/simulation-engine",
      "version": "0.1.0",
      "dependencies": {
        "@pson5/core-types": "0.1.0",
        "@pson5/graph-engine": "0.1.0",
        "@pson5/provider-engine": "0.1.0",
        "@pson5/serialization-engine": "0.1.0",
        "@pson5/state-engine": "0.1.0"
      }
    },
    "packages/state-engine": {
      "name": "@pson5/state-engine",
      "version": "0.1.0",
      "dependencies": {
        "@pson5/core-types": "0.1.0"
      }
    }
  }
}
